// !$*UTF8*$!
{
	archiveVersion = 1;
	classes = {
	};
	objectVersion = 50;
	objects = {

/* Begin PBXBuildFile section */
		B99FB7BE26556F210020D422 /* DoWorkoutApp.swift in Sources */ = {isa = PBXBuildFile; fileRef = B99FB7BD26556F210020D422 /* DoWorkoutApp.swift */; };
		B99FB7C026556F210020D422 /* MainHeader.swift in Sources */ = {isa = PBXBuildFile; fileRef = B99FB7BF26556F210020D422 /* MainHeader.swift */; };
		B99FB7C226556F230020D422 /* Assets.xcassets in Resources */ = {isa = PBXBuildFile; fileRef = B99FB7C126556F230020D422 /* Assets.xcassets */; };
		B99FB7C526556F230020D422 /* Preview Assets.xcassets in Resources */ = {isa = PBXBuildFile; fileRef = B99FB7C426556F230020D422 /* Preview Assets.xcassets */; };
		B99FB7D0265575DC0020D422 /* TimeRemaining.swift in Sources */ = {isa = PBXBuildFile; fileRef = B99FB7CF265575DC0020D422 /* TimeRemaining.swift */; };
/* End PBXBuildFile section */

/* Begin PBXFileReference section */
		B99FB7BA26556F210020D422 /* DoWorkout.app */ = {isa = PBXFileReference; explicitFileType = wrapper.application; includeInIndex = 0; path = DoWorkout.app; sourceTree = BUILT_PRODUCTS_DIR; };
		B99FB7BD26556F210020D422 /* DoWorkoutApp.swift */ = {isa = PBXFileReference; lastKnownFileType = sourcecode.swift; path = DoWorkoutApp.swift; sourceTree = "<group>"; };
		B99FB7BF26556F210020D422 /* MainHeader.swift */ = {isa = PBXFileReference; lastKnownFileType = sourcecode.swift; path = MainHeader.swift; sourceTree = "<group>"; };
		B99FB7C126556F230020D422 /* Assets.xcassets */ = {isa = PBXFileReference; lastKnownFileType = folder.assetcatalog; path = Assets.xcassets; sourceTree = "<group>"; };
		B99FB7C426556F230020D422 /* Preview Assets.xcassets */ = {isa = PBXFileReference; lastKnownFileType = folder.assetcatalog; path = "Preview Assets.xcassets"; sourceTree = "<group>"; };
		B99FB7C626556F230020D422 /* Info.plist */ = {isa = PBXFileReference; lastKnownFileType = text.plist.xml; path = Info.plist; sourceTree = "<group>"; };
		B99FB7CF265575DC0020D422 /* TimeRemaining.swift */ = {isa = PBXFileReference; lastKnownFileType = sourcecode.swift; path = TimeRemaining.swift; sourceTree = "<group>"; };
/* End PBXFileReference section */

/* Begin PBXFrameworksBuildPhase section */
		B99FB7B726556F210020D422 /* Frameworks */ = {
			isa = PBXFrameworksBuildPhase;
			buildActionMask = 2147483647;
			files = (
			);
			runOnlyForDeploymentPostprocessing = 0;
		};
/* End PBXFrameworksBuildPhase section */

/* Begin PBXGroup section */
		B99FB7B126556F210020D422 = {
			isa = PBXGroup;
			children = (
				B99FB7BC26556F210020D422 /* DoWorkout */,
				B99FB7BB26556F210020D422 /* Products */,
			);
			sourceTree = "<group>";
		};
		B99FB7BB26556F210020D422 /* Products */ = {
			isa = PBXGroup;
			children = (
				B99FB7BA26556F210020D422 /* DoWorkout.app */,
			);
			name = Products;
			sourceTree = "<group>";
		};
		B99FB7BC26556F210020D422 /* DoWorkout */ = {
			isa = PBXGroup;
			children = (
				B99FB7CE26556F6F0020D422 /* ViewModel */,
				B99FB7CD26556F690020D422 /* View */,
				B99FB7CC26556F630020D422 /* Model */,
				B99FB7BD26556F210020D422 /* DoWorkoutApp.swift */,
				B99FB7C126556F230020D422 /* Assets.xcassets */,
				B99FB7C626556F230020D422 /* Info.plist */,
				B99FB7C326556F230020D422 /* Preview Content */,
			);
			path = DoWorkout;
			sourceTree = "<group>";
		};
		B99FB7C326556F230020D422 /* Preview Content */ = {
			isa = PBXGroup;
			children = (
				B99FB7C426556F230020D422 /* Preview Assets.xcassets */,
			);
			path = "Preview Content";
			sourceTree = "<group>";
		};
		B99FB7CC26556F630020D422 /* Model */ = {
			isa = PBXGroup;
			children = (
			);
			path = Model;
			sourceTree = "<group>";
		};
		B99FB7CD26556F690020D422 /* View */ = {
			isa = PBXGroup;
			children = (
				B99FB7BF26556F210020D422 /* MainHeader.swift */,
				B99FB7CF265575DC0020D422 /* TimeRemaining.swift */,
			);
			path = View;
			sourceTree = "<group>";
		};
		B99FB7CE26556F6F0020D422 /* ViewModel */ = {
			isa = PBXGroup;
			children = (
			);
			path = ViewModel;
			sourceTree = "<group>";
		};
/* End PBXGroup section */

/* Begin PBXNativeTarget section */
		B99FB7B926556F210020D422 /* DoWorkout */ = {
			isa = PBXNativeTarget;
			buildConfigurationList = B99FB7C926556F230020D422 /* Build configuration list for PBXNativeTarget "DoWorkout" */;
			buildPhases = (
				B99FB7B626556F210020D422 /* Sources */,
				B99FB7B726556F210020D422 /* Frameworks */,
				B99FB7B826556F210020D422 /* Resources */,
			);
			buildRules = (
			);
			dependencies = (
			);
			name = DoWorkout;
			productName = DoWorkout;
			productReference = B99FB7BA26556F210020D422 /* DoWorkout.app */;
			productType = "com.apple.product-type.application";
		};
/* End PBXNativeTarget section */

/* Begin PBXProject section */
		B99FB7B226556F210020D422 /* Project object */ = {
			isa = PBXProject;
			attributes = {
				LastSwiftUpdateCheck = 1250;
				LastUpgradeCheck = 1250;
				TargetAttributes = {
					B99FB7B926556F210020D422 = {
						CreatedOnToolsVersion = 12.5;
					};
				};
			};
			buildConfigurationList = B99FB7B526556F210020D422 /* Build configuration list for PBXProject "DoWorkout" */;
			compatibilityVersion = "Xcode 9.3";
			developmentRegion = en;
			hasScannedForEncodings = 0;
			knownRegions = (
				en,
				Base,
			);
			mainGroup = B99FB7B126556F210020D422;
			productRefGroup = B99FB7BB26556F210020D422 /* Products */;
			projectDirPath = "";
			projectRoot = "";
			targets = (
				B99FB7B926556F210020D422 /* DoWorkout */,
			);
		};
/* End PBXProject section */

/* Begin PBXResourcesBuildPhase section */
		B99FB7B826556F210020D422 /* Resources */ = {
			isa = PBXResourcesBuildPhase;
			buildActionMask = 2147483647;
			files = (
				B99FB7C526556F230020D422 /* Preview Assets.xcassets in Resources */,
				B99FB7C226556F230020D422 /* Assets.xcassets in Resources */,
			);
			runOnlyForDeploymentPostprocessing = 0;
		};
/* End PBXResourcesBuildPhase section */

/* Begin PBXSourcesBuildPhase section */
		B99FB7B626556F210020D422 /* Sources */ = {
			isa = PBXSourcesBuildPhase;
			buildActionMask = 2147483647;
			files = (
				B99FB7C026556F210020D422 /* MainHeader.swift in Sources */,
				B99FB7BE26556F210020D422 /* DoWorkoutApp.swift in Sources */,
				B99FB7D0265575DC0020D422 /* TimeRemaining.swift in Sources */,
			);
			runOnlyForDeploymentPostprocessing = 0;
		};
/* End PBXSourcesBuildPhase section */

/* Begin XCBuildConfiguration section */
		B99FB7C726556F230020D422 /* Debug */ = {
			isa = XCBuildConfiguration;
			buildSettings = {
				ALWAYS_SEARCH_USER_PATHS = NO;
				CLANG_ANALYZER_NONNULL = YES;
				CLANG_ANALYZER_NUMBER_OBJECT_CONVERSION = YES_AGGRESSIVE;
				CLANG_CXX_LANGUAGE_STANDARD = "gnu++14";
				CLANG_CXX_LIBRARY = "libc++";
				CLANG_ENABLE_MODULES = YES;
				CLANG_ENABLE_OBJC_ARC = YES;
				CLANG_ENABLE_OBJC_WEAK = YES;
				CLANG_WARN_BLOCK_CAPTURE_AUTORELEASING = YES;
				CLANG_WARN_BOOL_CONVERSION = YES;
				CLANG_WARN_COMMA = YES;
				CLANG_WARN_CONSTANT_CONVERSION = YES;
				CLANG_WARN_DEPRECATED_OBJC_IMPLEMENTATIONS = YES;
				CLANG_WARN_DIRECT_OBJC_ISA_USAGE = YES_ERROR;
				CLANG_WARN_DOCUMENTATION_COMMENTS = YES;
				CLANG_WARN_EMPTY_BODY = YES;
				CLANG_WARN_ENUM_CONVERSION = YES;
				CLANG_WARN_INFINITE_RECURSION = YES;
				CLANG_WARN_INT_CONVERSION = YES;
				CLANG_WARN_NON_LITERAL_NULL_CONVERSION = YES;
				CLANG_WARN_OBJC_IMPLICIT_RETAIN_SELF = YES;
				CLANG_WARN_OBJC_LITERAL_CONVERSION = YES;
				CLANG_WARN_OBJC_ROOT_CLASS = YES_ERROR;
				CLANG_WARN_QUOTED_INCLUDE_IN_FRAMEWORK_HEADER = YES;
				CLANG_WARN_RANGE_LOOP_ANALYSIS = YES;
				CLANG_WARN_STRICT_PROTOTYPES = YES;
				CLANG_WARN_SUSPICIOUS_MOVE = YES;
				CLANG_WARN_UNGUARDED_AVAILABILITY = YES_AGGRESSIVE;
				CLANG_WARN_UNREACHABLE_CODE = YES;
				CLANG_WARN__DUPLICATE_METHOD_MATCH = YES;
				COPY_PHASE_STRIP = NO;
				DEBUG_INFORMATION_FORMAT = dwarf;
				ENABLE_STRICT_OBJC_MSGSEND = YES;
				ENABLE_TESTABILITY = YES;
				GCC_C_LANGUAGE_STANDARD = gnu11;
				GCC_DYNAMIC_NO_PIC = NO;
				GCC_NO_COMMON_BLOCKS = YES;
				GCC_OPTIMIZATION_LEVEL = 0;
				GCC_PREPROCESSOR_DEFINITIONS = (
					"DEBUG=1",
					"$(inherited)",
				);
				GCC_WARN_64_TO_32_BIT_CONVERSION = YES;
				GCC_WARN_ABOUT_RETURN_TYPE = YES_ERROR;
				GCC_WARN_UNDECLARED_SELECTOR = YES;
				GCC_WARN_UNINITIALIZED_AUTOS = YES_AGGRESSIVE;
				GCC_WARN_UNUSED_FUNCTION = YES;
				GCC_WARN_UNUSED_VARIABLE = YES;
				IPHONEOS_DEPLOYMENT_TARGET = 14.5;
				MTL_ENABLE_DEBUG_INFO = INCLUDE_SOURCE;
				MTL_FAST_MATH = YES;
				ONLY_ACTIVE_ARCH = YES;
				SDKROOT = iphoneos;
				SWIFT_ACTIVE_COMPILATION_CONDITIONS = DEBUG;
				SWIFT_OPTIMIZATION_LEVEL = "-Onone";
			};
			name = Debug;
		};
		B99FB7C826556F230020D422 /* Release */ = {
			isa = XCBuildConfiguration;
			buildSettings = {
				ALWAYS_SEARCH_USER_PATHS = NO;
				CLANG_ANALYZER_NONNULL = YES;
				CLANG_ANALYZER_NUMBER_OBJECT_CONVERSION = YES_AGGRESSIVE;
				CLANG_CXX_LANGUAGE_STANDARD = "gnu++14";
				CLANG_CXX_LIBRARY = "libc++";
				CLANG_ENABLE_MODULES = YES;
				CLANG_ENABLE_OBJC_ARC = YES;
				CLANG_ENABLE_OBJC_WEAK = YES;
				CLANG_WARN_BLOCK_CAPTURE_AUTORELEASING = YES;
				CLANG_WARN_BOOL_CONVERSION = YES;
				CLANG_WARN_COMMA = YES;
				CLANG_WARN_CONSTANT_CONVERSION = YES;
				CLANG_WARN_DEPRECATED_OBJC_IMPLEMENTATIONS = YES;
				CLANG_WARN_DIRECT_OBJC_ISA_USAGE = YES_ERROR;
				CLANG_WARN_DOCUMENTATION_COMMENTS = YES;
				CLANG_WARN_EMPTY_BODY = YES;
				CLANG_WARN_ENUM_CONVERSION = YES;
				CLANG_WARN_INFINITE_RECURSION = YES;
				CLANG_WARN_INT_CONVERSION = YES;
				CLANG_WARN_NON_LITERAL_NULL_CONVERSION = YES;
				CLANG_WARN_OBJC_IMPLICIT_RETAIN_SELF = YES;
				CLANG_WARN_OBJC_LITERAL_CONVERSION = YES;
				CLANG_WARN_OBJC_ROOT_CLASS = YES_ERROR;
				CLANG_WARN_QUOTED_INCLUDE_IN_FRAMEWORK_HEADER = YES;
				CLANG_WARN_RANGE_LOOP_ANALYSIS = YES;
				CLANG_WARN_STRICT_PROTOTYPES = YES;
				CLANG_WARN_SUSPICIOUS_MOVE = YES;
				CLANG_WARN_UNGUARDED_AVAILABILITY = YES_AGGRESSIVE;
				CLANG_WARN_UNREACHABLE_CODE = YES;
				CLANG_WARN__DUPLICATE_METHOD_MATCH = YES;
				COPY_PHASE_STRIP = NO;
				DEBUG_INFORMATION_FORMAT = "dwarf-with-dsym";
				ENABLE_NS_ASSERTIONS = NO;
				ENABLE_STRICT_OBJC_MSGSEND = YES;
				GCC_C_LANGUAGE_STANDARD = gnu11;
				GCC_NO_COMMON_BLOCKS = YES;
				GCC_WARN_64_TO_32_BIT_CONVERSION = YES;
				GCC_WARN_ABOUT_RETURN_TYPE = YES_ERROR;
				GCC_WARN_UNDECLARED_SELECTOR = YES;
				GCC_WARN_UNINITIALIZED_AUTOS = YES_AGGRESSIVE;
				GCC_WARN_UNUSED_FUNCTION = YES;
				GCC_WARN_UNUSED_VARIABLE = YES;
				IPHONEOS_DEPLOYMENT_TARGET = 14.5;
				MTL_ENABLE_DEBUG_INFO = NO;
				MTL_FAST_MATH = YES;
				SDKROOT = iphoneos;
				SWIFT_COMPILATION_MODE = wholemodule;
				SWIFT_OPTIMIZATION_LEVEL = "-O";
				VALIDATE_PRODUCT = YES;
			};
			name = Release;
		};
		B99FB7CA26556F230020D422 /* Debug */ = {
			isa = XCBuildConfiguration;
			buildSettings = {
				ASSETCATALOG_COMPILER_APPICON_NAME = AppIcon;
				ASSETCATALOG_COMPILER_GLOBAL_ACCENT_COLOR_NAME = AccentColor;
				CODE_SIGN_STYLE = Automatic;
				DEVELOPMENT_ASSET_PATHS = "\"DoWorkout/Preview Content\"";
				ENABLE_PREVIEWS = YES;
				INFOPLIST_FILE = DoWorkout/Info.plist;
				IPHONEOS_DEPLOYMENT_TARGET = 14.0;
				LD_RUNPATH_SEARCH_PATHS = (
					"$(inherited)",
					"@executable_path/Frameworks",
				);
				PRODUCT_BUNDLE_IDENTIFIER = jiun.DoWorkout;
				PRODUCT_NAME = "$(TARGET_NAME)";
				SWIFT_VERSION = 5.0;
				TARGETED_DEVICE_FAMILY = "1,2";
			};
			name = Debug;
		};
		B99FB7CB26556F230020D422 /* Release */ = {
			isa = XCBuildConfiguration;
			buildSettings = {
				ASSETCATALOG_COMPILER_APPICON_NAME = AppIcon;
				ASSETCATALOG_COMPILER_GLOBAL_ACCENT_COLOR_NAME = AccentColor;
				CODE_SIGN_STYLE = Automatic;
				DEVELOPMENT_ASSET_PATHS = "\"DoWorkout/Preview Content\"";
				ENABLE_PREVIEWS = YES;
				INFOPLIST_FILE = DoWorkout/Info.plist;
				IPHONEOS_DEPLOYMENT_TARGET = 14.0;
				LD_RUNPATH_SEARCH_PATHS = (
					"$(inherited)",
					"@executable_path/Frameworks",
				);
				PRODUCT_BUNDLE_IDENTIFIER = jiun.DoWorkout;
				PRODUCT_NAME = "$(TARGET_NAME)";
				SWIFT_VERSION = 5.0;
				TARGETED_DEVICE_FAMILY = "1,2";
			};
			name = Release;
		};
/* End XCBuildConfiguration section */

/* Begin XCConfigurationList section */
		B99FB7B526556F210020D422 /* Build configuration list for PBXProject "DoWorkout" */ = {
			isa = XCConfigurationList;
			buildConfigurations = (
				B99FB7C726556F230020D422 /* Debug */,
				B99FB7C826556F230020D422 /* Release */,
			);
			defaultConfigurationIsVisible = 0;
			defaultConfigurationName = Release;
		};
		B99FB7C926556F230020D422 /* Build configuration list for PBXNativeTarget "DoWorkout" */ = {
			isa = XCConfigurationList;
			buildConfigurations = (
				B99FB7CA26556F230020D422 /* Debug */,
				B99FB7CB26556F230020D422 /* Release */,
			);
			defaultConfigurationIsVisible = 0;
			defaultConfigurationName = Release;
		};
/* End XCConfigurationList section */
	};
	rootObject = B99FB7B226556F210020D422 /* Project object */;
}
